
Microsoft Visual Studio Solution File, Format Version 12.00
# Visual Studio Version 16
VisualStudioVersion = 16.0.29102.190
MinimumVisualStudioVersion = 10.0.40219.1
Project("{FAE04EC0-301F-11D3-BF4B-00C04F79EFBC}") = "Двумерный массив", "Двумерный массив\Двумерный массив.csproj", "{4E260CC0-5F56-4E14-A1C7-8F081A1C2324}"
EndProject
Global
	GlobalSection(SolutionConfigurationPlatforms) = preSolution
		Debug|Any CPU = Debug|Any CPU
		Release|Any CPU = Release|Any CPU
	EndGlobalSection
	GlobalSection(ProjectConfigurationPlatforms) = postSolution
		{4E260CC0-5F56-4E14-A1C7-8F081A1C2324}.Debug|Any CPU.ActiveCfg = Debug|Any CPU
		{4E260CC0-5F56-4E14-A1C7-8F081A1C2324}.Debug|Any CPU.Build.0 = Debug|Any CPU
		{4E260CC0-5F56-4E14-A1C7-8F081A1C2324}.Release|Any CPU.ActiveCfg = Release|Any CPU
		{4E260CC0-5F56-4E14-A1C7-8F081A1C2324}.Release|Any CPU.Build.0 = Release|Any CPU
	EndGlobalSection
	GlobalSection(SolutionProperties) = preSolution
		HideSolutionNode = FALSE
	EndGlobalSection
	GlobalSection(ExtensibilityGlobals) = postSolution
		SolutionGuid = {D90197E0-5E8B-4562-9E78-F16DF4491D52}
	EndGlobalSection
EndGlobal
